// !$*UTF8*$!
{
	archiveVersion = 1;
	classes = {
	};
	objectVersion = 46;
	objects = {

/* Begin PBXBuildFile section */
		AAE924661F936B0C0017CD64 /* UIBarButtonItem+Category.m in Sources */ = {isa = PBXBuildFile; fileRef = AAE9243C1F936B0C0017CD64 /* UIBarButtonItem+Category.m */; };
		AAE924671F936B0C0017CD64 /* UIButton+Category.m in Sources */ = {isa = PBXBuildFile; fileRef = AAE9243E1F936B0C0017CD64 /* UIButton+Category.m */; };
		AAE924681F936B0C0017CD64 /* UILabel+Category.m in Sources */ = {isa = PBXBuildFile; fileRef = AAE924401F936B0C0017CD64 /* UILabel+Category.m */; };
		AAE924691F936B0C0017CD64 /* UINavigationController+Category.m in Sources */ = {isa = PBXBuildFile; fileRef = AAE924421F936B0C0017CD64 /* UINavigationController+Category.m */; };
		AAE9246A1F936B0C0017CD64 /* UIView+Catrgory.m in Sources */ = {isa = PBXBuildFile; fileRef = AAE924441F936B0C0017CD64 /* UIView+Catrgory.m */; };
		AAE9246B1F936B0C0017CD64 /* hud_success@2x.png in Resources */ = {isa = PBXBuildFile; fileRef = AAE924461F936B0C0017CD64 /* hud_success@2x.png */; };
		AAE9246C1F936B0C0017CD64 /* hud_success@3x.png in Resources */ = {isa = PBXBuildFile; fileRef = AAE924471F936B0C0017CD64 /* hud_success@3x.png */; };
		AAE9246D1F936B0C0017CD64 /* hud_warning@2x.png in Resources */ = {isa = PBXBuildFile; fileRef = AAE924481F936B0C0017CD64 /* hud_warning@2x.png */; };
		AAE9246E1F936B0C0017CD64 /* hud_warning@3x.png in Resources */ = {isa = PBXBuildFile; fileRef = AAE924491F936B0C0017CD64 /* hud_warning@3x.png */; };
		AAE9246F1F936B0C0017CD64 /* NetWorking.m in Sources */ = {isa = PBXBuildFile; fileRef = AAE9244C1F936B0C0017CD64 /* NetWorking.m */; };
		AAE924701F936B0C0017CD64 /* ShareSingle.m in Sources */ = {isa = PBXBuildFile; fileRef = AAE924501F936B0C0017CD64 /* ShareSingle.m */; };
		AAE924711F936B0C0017CD64 /* XDataTools.m in Sources */ = {isa = PBXBuildFile; fileRef = AAE924541F936B0C0017CD64 /* XDataTools.m */; };
		AAE924721F936B0C0017CD64 /* XDetailInfoCell.m in Sources */ = {isa = PBXBuildFile; fileRef = AAE924561F936B0C0017CD64 /* XDetailInfoCell.m */; };
		AAE924731F936B0C0017CD64 /* XLeadPageView.m in Sources */ = {isa = PBXBuildFile; fileRef = AAE924581F936B0C0017CD64 /* XLeadPageView.m */; };
		AAE924741F936B0C0017CD64 /* XNavigationController.m in Sources */ = {isa = PBXBuildFile; fileRef = AAE9245A1F936B0C0017CD64 /* XNavigationController.m */; };
		AAE924751F936B0D0017CD64 /* XParentViewController.m in Sources */ = {isa = PBXBuildFile; fileRef = AAE9245C1F936B0C0017CD64 /* XParentViewController.m */; };
		AAE924761F936B0D0017CD64 /* XProgressHUD.m in Sources */ = {isa = PBXBuildFile; fileRef = AAE9245E1F936B0C0017CD64 /* XProgressHUD.m */; };
		AAE924771F936B0D0017CD64 /* XSMSBtnTimes.m in Sources */ = {isa = PBXBuildFile; fileRef = AAE924601F936B0C0017CD64 /* XSMSBtnTimes.m */; };
		AAE924781F936B0D0017CD64 /* XTabBarController.m in Sources */ = {isa = PBXBuildFile; fileRef = AAE924621F936B0C0017CD64 /* XTabBarController.m */; };
		AAE924791F936B0D0017CD64 /* XViewTools.m in Sources */ = {isa = PBXBuildFile; fileRef = AAE924641F936B0C0017CD64 /* XViewTools.m */; };
		BE11E4AB1EE7F9F3003CDE43 /* main.m in Sources */ = {isa = PBXBuildFile; fileRef = BE11E4AA1EE7F9F3003CDE43 /* main.m */; };
		BE11E4AE1EE7F9F3003CDE43 /* AppDelegate.m in Sources */ = {isa = PBXBuildFile; fileRef = BE11E4AD1EE7F9F3003CDE43 /* AppDelegate.m */; };
		BE11E4B11EE7F9F3003CDE43 /* ViewController.m in Sources */ = {isa = PBXBuildFile; fileRef = BE11E4B01EE7F9F3003CDE43 /* ViewController.m */; };
		BE11E4B41EE7F9F3003CDE43 /* Main.storyboard in Resources */ = {isa = PBXBuildFile; fileRef = BE11E4B21EE7F9F3003CDE43 /* Main.storyboard */; };
		BE11E4B61EE7F9F3003CDE43 /* Assets.xcassets in Resources */ = {isa = PBXBuildFile; fileRef = BE11E4B51EE7F9F3003CDE43 /* Assets.xcassets */; };
		BE11E4B91EE7F9F3003CDE43 /* LaunchScreen.storyboard in Resources */ = {isa = PBXBuildFile; fileRef = BE11E4B71EE7F9F3003CDE43 /* LaunchScreen.storyboard */; };
/* End PBXBuildFile section */

/* Begin PBXFileReference section */
		AAE9243B1F936B0C0017CD64 /* UIBarButtonItem+Category.h */ = {isa = PBXFileReference; fileEncoding = 4; lastKnownFileType = sourcecode.c.h; path = "UIBarButtonItem+Category.h"; sourceTree = "<group>"; };
		AAE9243C1F936B0C0017CD64 /* UIBarButtonItem+Category.m */ = {isa = PBXFileReference; fileEncoding = 4; lastKnownFileType = sourcecode.c.objc; path = "UIBarButtonItem+Category.m"; sourceTree = "<group>"; };
		AAE9243D1F936B0C0017CD64 /* UIButton+Category.h */ = {isa = PBXFileReference; fileEncoding = 4; lastKnownFileType = sourcecode.c.h; path = "UIButton+Category.h"; sourceTree = "<group>"; };
		AAE9243E1F936B0C0017CD64 /* UIButton+Category.m */ = {isa = PBXFileReference; fileEncoding = 4; lastKnownFileType = sourcecode.c.objc; path = "UIButton+Category.m"; sourceTree = "<group>"; };
		AAE9243F1F936B0C0017CD64 /* UILabel+Category.h */ = {isa = PBXFileReference; fileEncoding = 4; lastKnownFileType = sourcecode.c.h; path = "UILabel+Category.h"; sourceTree = "<group>"; };
		AAE924401F936B0C0017CD64 /* UILabel+Category.m */ = {isa = PBXFileReference; fileEncoding = 4; lastKnownFileType = sourcecode.c.objc; path = "UILabel+Category.m"; sourceTree = "<group>"; };
		AAE924411F936B0C0017CD64 /* UINavigationController+Category.h */ = {isa = PBXFileReference; fileEncoding = 4; lastKnownFileType = sourcecode.c.h; path = "UINavigationController+Category.h"; sourceTree = "<group>"; };
		AAE924421F936B0C0017CD64 /* UINavigationController+Category.m */ = {isa = PBXFileReference; fileEncoding = 4; lastKnownFileType = sourcecode.c.objc; path = "UINavigationController+Category.m"; sourceTree = "<group>"; };
		AAE924431F936B0C0017CD64 /* UIView+Catrgory.h */ = {isa = PBXFileReference; fileEncoding = 4; lastKnownFileType = sourcecode.c.h; path = "UIView+Catrgory.h"; sourceTree = "<group>"; };
		AAE924441F936B0C0017CD64 /* UIView+Catrgory.m */ = {isa = PBXFileReference; fileEncoding = 4; lastKnownFileType = sourcecode.c.objc; path = "UIView+Catrgory.m"; sourceTree = "<group>"; };
		AAE924461F936B0C0017CD64 /* hud_success@2x.png */ = {isa = PBXFileReference; lastKnownFileType = image.png; path = "hud_success@2x.png"; sourceTree = "<group>"; };
		AAE924471F936B0C0017CD64 /* hud_success@3x.png */ = {isa = PBXFileReference; lastKnownFileType = image.png; path = "hud_success@3x.png"; sourceTree = "<group>"; };
		AAE924481F936B0C0017CD64 /* hud_warning@2x.png */ = {isa = PBXFileReference; lastKnownFileType = image.png; path = "hud_warning@2x.png"; sourceTree = "<group>"; };
		AAE924491F936B0C0017CD64 /* hud_warning@3x.png */ = {isa = PBXFileReference; lastKnownFileType = image.png; path = "hud_warning@3x.png"; sourceTree = "<group>"; };
		AAE9244B1F936B0C0017CD64 /* NetWorking.h */ = {isa = PBXFileReference; fileEncoding = 4; lastKnownFileType = sourcecode.c.h; path = NetWorking.h; sourceTree = "<group>"; };
		AAE9244C1F936B0C0017CD64 /* NetWorking.m */ = {isa = PBXFileReference; fileEncoding = 4; lastKnownFileType = sourcecode.c.objc; path = NetWorking.m; sourceTree = "<group>"; };
		AAE9244D1F936B0C0017CD64 /* PrefixHeader.pch */ = {isa = PBXFileReference; fileEncoding = 4; lastKnownFileType = sourcecode.c.h; path = PrefixHeader.pch; sourceTree = "<group>"; };
		AAE9244F1F936B0C0017CD64 /* ShareSingle.h */ = {isa = PBXFileReference; fileEncoding = 4; lastKnownFileType = sourcecode.c.h; path = ShareSingle.h; sourceTree = "<group>"; };
		AAE924501F936B0C0017CD64 /* ShareSingle.m */ = {isa = PBXFileReference; fileEncoding = 4; lastKnownFileType = sourcecode.c.objc; path = ShareSingle.m; sourceTree = "<group>"; };
		AAE924511F936B0C0017CD64 /* URLMacro.h */ = {isa = PBXFileReference; fileEncoding = 4; lastKnownFileType = sourcecode.c.h; path = URLMacro.h; sourceTree = "<group>"; };
		AAE924531F936B0C0017CD64 /* XDataTools.h */ = {isa = PBXFileReference; fileEncoding = 4; lastKnownFileType = sourcecode.c.h; path = XDataTools.h; sourceTree = "<group>"; };
		AAE924541F936B0C0017CD64 /* XDataTools.m */ = {isa = PBXFileReference; fileEncoding = 4; lastKnownFileType = sourcecode.c.objc; path = XDataTools.m; sourceTree = "<group>"; };
		AAE924551F936B0C0017CD64 /* XDetailInfoCell.h */ = {isa = PBXFileReference; fileEncoding = 4; lastKnownFileType = sourcecode.c.h; path = XDetailInfoCell.h; sourceTree = "<group>"; };
		AAE924561F936B0C0017CD64 /* XDetailInfoCell.m */ = {isa = PBXFileReference; fileEncoding = 4; lastKnownFileType = sourcecode.c.objc; path = XDetailInfoCell.m; sourceTree = "<group>"; };
		AAE924571F936B0C0017CD64 /* XLeadPageView.h */ = {isa = PBXFileReference; fileEncoding = 4; lastKnownFileType = sourcecode.c.h; path = XLeadPageView.h; sourceTree = "<group>"; };
		AAE924581F936B0C0017CD64 /* XLeadPageView.m */ = {isa = PBXFileReference; fileEncoding = 4; lastKnownFileType = sourcecode.c.objc; path = XLeadPageView.m; sourceTree = "<group>"; };
		AAE924591F936B0C0017CD64 /* XNavigationController.h */ = {isa = PBXFileReference; fileEncoding = 4; lastKnownFileType = sourcecode.c.h; path = XNavigationController.h; sourceTree = "<group>"; };
		AAE9245A1F936B0C0017CD64 /* XNavigationController.m */ = {isa = PBXFileReference; fileEncoding = 4; lastKnownFileType = sourcecode.c.objc; path = XNavigationController.m; sourceTree = "<group>"; };
		AAE9245B1F936B0C0017CD64 /* XParentViewController.h */ = {isa = PBXFileReference; fileEncoding = 4; lastKnownFileType = sourcecode.c.h; path = XParentViewController.h; sourceTree = "<group>"; };
		AAE9245C1F936B0C0017CD64 /* XParentViewController.m */ = {isa = PBXFileReference; fileEncoding = 4; lastKnownFileType = sourcecode.c.objc; path = XParentViewController.m; sourceTree = "<group>"; };
		AAE9245D1F936B0C0017CD64 /* XProgressHUD.h */ = {isa = PBXFileReference; fileEncoding = 4; lastKnownFileType = sourcecode.c.h; path = XProgressHUD.h; sourceTree = "<group>"; };
		AAE9245E1F936B0C0017CD64 /* XProgressHUD.m */ = {isa = PBXFileReference; fileEncoding = 4; lastKnownFileType = sourcecode.c.objc; path = XProgressHUD.m; sourceTree = "<group>"; };
		AAE9245F1F936B0C0017CD64 /* XSMSBtnTimes.h */ = {isa = PBXFileReference; fileEncoding = 4; lastKnownFileType = sourcecode.c.h; path = XSMSBtnTimes.h; sourceTree = "<group>"; };
		AAE924601F936B0C0017CD64 /* XSMSBtnTimes.m */ = {isa = PBXFileReference; fileEncoding = 4; lastKnownFileType = sourcecode.c.objc; path = XSMSBtnTimes.m; sourceTree = "<group>"; };
		AAE924611F936B0C0017CD64 /* XTabBarController.h */ = {isa = PBXFileReference; fileEncoding = 4; lastKnownFileType = sourcecode.c.h; path = XTabBarController.h; sourceTree = "<group>"; };
		AAE924621F936B0C0017CD64 /* XTabBarController.m */ = {isa = PBXFileReference; fileEncoding = 4; lastKnownFileType = sourcecode.c.objc; path = XTabBarController.m; sourceTree = "<group>"; };
		AAE924631F936B0C0017CD64 /* XViewTools.h */ = {isa = PBXFileReference; fileEncoding = 4; lastKnownFileType = sourcecode.c.h; path = XViewTools.h; sourceTree = "<group>"; };
		AAE924641F936B0C0017CD64 /* XViewTools.m */ = {isa = PBXFileReference; fileEncoding = 4; lastKnownFileType = sourcecode.c.objc; path = XViewTools.m; sourceTree = "<group>"; };
		AAE924651F936B0C0017CD64 /* XHong.h */ = {isa = PBXFileReference; fileEncoding = 4; lastKnownFileType = sourcecode.c.h; path = XHong.h; sourceTree = "<group>"; };
		BE11E4A61EE7F9F2003CDE43 /* XPXBaseProjectTools.app */ = {isa = PBXFileReference; explicitFileType = wrapper.application; includeInIndex = 0; path = XPXBaseProjectTools.app; sourceTree = BUILT_PRODUCTS_DIR; };
		BE11E4AA1EE7F9F3003CDE43 /* main.m */ = {isa = PBXFileReference; lastKnownFileType = sourcecode.c.objc; path = main.m; sourceTree = "<group>"; };
		BE11E4AC1EE7F9F3003CDE43 /* AppDelegate.h */ = {isa = PBXFileReference; lastKnownFileType = sourcecode.c.h; path = AppDelegate.h; sourceTree = "<group>"; };
		BE11E4AD1EE7F9F3003CDE43 /* AppDelegate.m */ = {isa = PBXFileReference; lastKnownFileType = sourcecode.c.objc; path = AppDelegate.m; sourceTree = "<group>"; };
		BE11E4AF1EE7F9F3003CDE43 /* ViewController.h */ = {isa = PBXFileReference; lastKnownFileType = sourcecode.c.h; path = ViewController.h; sourceTree = "<group>"; };
		BE11E4B01EE7F9F3003CDE43 /* ViewController.m */ = {isa = PBXFileReference; lastKnownFileType = sourcecode.c.objc; path = ViewController.m; sourceTree = "<group>"; };
		BE11E4B31EE7F9F3003CDE43 /* Base */ = {isa = PBXFileReference; lastKnownFileType = file.storyboard; name = Base; path = Base.lproj/Main.storyboard; sourceTree = "<group>"; };
		BE11E4B51EE7F9F3003CDE43 /* Assets.xcassets */ = {isa = PBXFileReference; lastKnownFileType = folder.assetcatalog; path = Assets.xcassets; sourceTree = "<group>"; };
		BE11E4B81EE7F9F3003CDE43 /* Base */ = {isa = PBXFileReference; lastKnownFileType = file.storyboard; name = Base; path = Base.lproj/LaunchScreen.storyboard; sourceTree = "<group>"; };
		BE11E4BA1EE7F9F3003CDE43 /* Info.plist */ = {isa = PBXFileReference; lastKnownFileType = text.plist.xml; path = Info.plist; sourceTree = "<group>"; };
/* End PBXFileReference section */

/* Begin PBXFrameworksBuildPhase section */
		BE11E4A31EE7F9F2003CDE43 /* Frameworks */ = {
			isa = PBXFrameworksBuildPhase;
			buildActionMask = 2147483647;
			files = (
			);
			runOnlyForDeploymentPostprocessing = 0;
		};
/* End PBXFrameworksBuildPhase section */

/* Begin PBXGroup section */
		AAE924391F936B0C0017CD64 /* XTools */ = {
			isa = PBXGroup;
			children = (
				AAE924651F936B0C0017CD64 /* XHong.h */,
				AAE9244D1F936B0C0017CD64 /* PrefixHeader.pch */,
				AAE924511F936B0C0017CD64 /* URLMacro.h */,
				AAE9243A1F936B0C0017CD64 /* Categorys */,
				AAE924451F936B0C0017CD64 /* Images */,
				AAE9244A1F936B0C0017CD64 /* Networking */,
				AAE9244E1F936B0C0017CD64 /* ShareSingle */,
				AAE924521F936B0C0017CD64 /* ViewModels */,
			);
			path = XTools;
			sourceTree = "<group>";
		};
		AAE9243A1F936B0C0017CD64 /* Categorys */ = {
			isa = PBXGroup;
			children = (
				AAE9243B1F936B0C0017CD64 /* UIBarButtonItem+Category.h */,
				AAE9243C1F936B0C0017CD64 /* UIBarButtonItem+Category.m */,
				AAE9243D1F936B0C0017CD64 /* UIButton+Category.h */,
				AAE9243E1F936B0C0017CD64 /* UIButton+Category.m */,
				AAE9243F1F936B0C0017CD64 /* UILabel+Category.h */,
				AAE924401F936B0C0017CD64 /* UILabel+Category.m */,
				AAE924411F936B0C0017CD64 /* UINavigationController+Category.h */,
				AAE924421F936B0C0017CD64 /* UINavigationController+Category.m */,
				AAE924431F936B0C0017CD64 /* UIView+Catrgory.h */,
				AAE924441F936B0C0017CD64 /* UIView+Catrgory.m */,
			);
			path = Categorys;
			sourceTree = "<group>";
		};
		AAE924451F936B0C0017CD64 /* Images */ = {
			isa = PBXGroup;
			children = (
				AAE924461F936B0C0017CD64 /* hud_success@2x.png */,
				AAE924471F936B0C0017CD64 /* hud_success@3x.png */,
				AAE924481F936B0C0017CD64 /* hud_warning@2x.png */,
				AAE924491F936B0C0017CD64 /* hud_warning@3x.png */,
			);
			path = Images;
			sourceTree = "<group>";
		};
		AAE9244A1F936B0C0017CD64 /* Networking */ = {
			isa = PBXGroup;
			children = (
				AAE9244B1F936B0C0017CD64 /* NetWorking.h */,
				AAE9244C1F936B0C0017CD64 /* NetWorking.m */,
			);
			path = Networking;
			sourceTree = "<group>";
		};
		AAE9244E1F936B0C0017CD64 /* ShareSingle */ = {
			isa = PBXGroup;
			children = (
				AAE9244F1F936B0C0017CD64 /* ShareSingle.h */,
				AAE924501F936B0C0017CD64 /* ShareSingle.m */,
			);
			path = ShareSingle;
			sourceTree = "<group>";
		};
		AAE924521F936B0C0017CD64 /* ViewModels */ = {
			isa = PBXGroup;
			children = (
				AAE924531F936B0C0017CD64 /* XDataTools.h */,
				AAE924541F936B0C0017CD64 /* XDataTools.m */,
				AAE924551F936B0C0017CD64 /* XDetailInfoCell.h */,
				AAE924561F936B0C0017CD64 /* XDetailInfoCell.m */,
				AAE924571F936B0C0017CD64 /* XLeadPageView.h */,
				AAE924581F936B0C0017CD64 /* XLeadPageView.m */,
				AAE924591F936B0C0017CD64 /* XNavigationController.h */,
				AAE9245A1F936B0C0017CD64 /* XNavigationController.m */,
				AAE9245B1F936B0C0017CD64 /* XParentViewController.h */,
				AAE9245C1F936B0C0017CD64 /* XParentViewController.m */,
				AAE9245D1F936B0C0017CD64 /* XProgressHUD.h */,
				AAE9245E1F936B0C0017CD64 /* XProgressHUD.m */,
				AAE9245F1F936B0C0017CD64 /* XSMSBtnTimes.h */,
				AAE924601F936B0C0017CD64 /* XSMSBtnTimes.m */,
				AAE924611F936B0C0017CD64 /* XTabBarController.h */,
				AAE924621F936B0C0017CD64 /* XTabBarController.m */,
				AAE924631F936B0C0017CD64 /* XViewTools.h */,
				AAE924641F936B0C0017CD64 /* XViewTools.m */,
			);
			path = ViewModels;
			sourceTree = "<group>";
		};
		BE11E49D1EE7F9F2003CDE43 = {
			isa = PBXGroup;
			children = (
				BE11E4A81EE7F9F2003CDE43 /* XPXBaseProjectTools */,
				BE11E4A71EE7F9F2003CDE43 /* Products */,
			);
			sourceTree = "<group>";
		};
		BE11E4A71EE7F9F2003CDE43 /* Products */ = {
			isa = PBXGroup;
			children = (
				BE11E4A61EE7F9F2003CDE43 /* XPXBaseProjectTools.app */,
			);
			name = Products;
			sourceTree = "<group>";
		};
		BE11E4A81EE7F9F2003CDE43 /* XPXBaseProjectTools */ = {
			isa = PBXGroup;
			children = (
				AAE924391F936B0C0017CD64 /* XTools */,
				BE11E4AC1EE7F9F3003CDE43 /* AppDelegate.h */,
				BE11E4AD1EE7F9F3003CDE43 /* AppDelegate.m */,
				BE11E4AF1EE7F9F3003CDE43 /* ViewController.h */,
				BE11E4B01EE7F9F3003CDE43 /* ViewController.m */,
				BE11E4B21EE7F9F3003CDE43 /* Main.storyboard */,
				BE11E4B51EE7F9F3003CDE43 /* Assets.xcassets */,
				BE11E4B71EE7F9F3003CDE43 /* LaunchScreen.storyboard */,
				BE11E4BA1EE7F9F3003CDE43 /* Info.plist */,
				BE11E4A91EE7F9F3003CDE43 /* Supporting Files */,
			);
			path = XPXBaseProjectTools;
			sourceTree = "<group>";
		};
		BE11E4A91EE7F9F3003CDE43 /* Supporting Files */ = {
			isa = PBXGroup;
			children = (
				BE11E4AA1EE7F9F3003CDE43 /* main.m */,
			);
			name = "Supporting Files";
			sourceTree = "<group>";
		};
/* End PBXGroup section */

/* Begin PBXNativeTarget section */
		BE11E4A51EE7F9F2003CDE43 /* XPXBaseProjectTools */ = {
			isa = PBXNativeTarget;
			buildConfigurationList = BE11E4BD1EE7F9F3003CDE43 /* Build configuration list for PBXNativeTarget "XPXBaseProjectTools" */;
			buildPhases = (
				BE11E4A21EE7F9F2003CDE43 /* Sources */,
				BE11E4A31EE7F9F2003CDE43 /* Frameworks */,
				BE11E4A41EE7F9F2003CDE43 /* Resources */,
			);
			buildRules = (
			);
			dependencies = (
			);
			name = XPXBaseProjectTools;
			productName = XPXBaseProjectTools;
			productReference = BE11E4A61EE7F9F2003CDE43 /* XPXBaseProjectTools.app */;
			productType = "com.apple.product-type.application";
		};
/* End PBXNativeTarget section */

/* Begin PBXProject section */
		BE11E49E1EE7F9F2003CDE43 /* Project object */ = {
			isa = PBXProject;
			attributes = {
				CLASSPREFIX = X;
				LastUpgradeCheck = 0820;
				ORGANIZATIONNAME = XTeam;
				TargetAttributes = {
					BE11E4A51EE7F9F2003CDE43 = {
						CreatedOnToolsVersion = 8.2.1;
						DevelopmentTeam = L37SXG465L;
						ProvisioningStyle = Automatic;
					};
				};
			};
			buildConfigurationList = BE11E4A11EE7F9F2003CDE43 /* Build configuration list for PBXProject "XPXBaseProjectTools" */;
			compatibilityVersion = "Xcode 3.2";
			developmentRegion = English;
			hasScannedForEncodings = 0;
			knownRegions = (
				en,
				Base,
			);
			mainGroup = BE11E49D1EE7F9F2003CDE43;
			productRefGroup = BE11E4A71EE7F9F2003CDE43 /* Products */;
			projectDirPath = "";
			projectRoot = "";
			targets = (
				BE11E4A51EE7F9F2003CDE43 /* XPXBaseProjectTools */,
			);
		};
/* End PBXProject section */

/* Begin PBXResourcesBuildPhase section */
		BE11E4A41EE7F9F2003CDE43 /* Resources */ = {
			isa = PBXResourcesBuildPhase;
			buildActionMask = 2147483647;
			files = (
				AAE9246B1F936B0C0017CD64 /* hud_success@2x.png in Resources */,
				BE11E4B91EE7F9F3003CDE43 /* LaunchScreen.storyboard in Resources */,
				AAE9246C1F936B0C0017CD64 /* hud_success@3x.png in Resources */,
				BE11E4B61EE7F9F3003CDE43 /* Assets.xcassets in Resources */,
				BE11E4B41EE7F9F3003CDE43 /* Main.storyboard in Resources */,
				AAE9246D1F936B0C0017CD64 /* hud_warning@2x.png in Resources */,
				AAE9246E1F936B0C0017CD64 /* hud_warning@3x.png in Resources */,
			);
			runOnlyForDeploymentPostprocessing = 0;
		};
/* End PBXResourcesBuildPhase section */

/* Begin PBXSourcesBuildPhase section */
		BE11E4A21EE7F9F2003CDE43 /* Sources */ = {
			isa = PBXSourcesBuildPhase;
			buildActionMask = 2147483647;
			files = (
				AAE924751F936B0D0017CD64 /* XParentViewController.m in Sources */,
				AAE924741F936B0C0017CD64 /* XNavigationController.m in Sources */,
				AAE924791F936B0D0017CD64 /* XViewTools.m in Sources */,
				AAE924661F936B0C0017CD64 /* UIBarButtonItem+Category.m in Sources */,
				AAE924701F936B0C0017CD64 /* ShareSingle.m in Sources */,
				BE11E4B11EE7F9F3003CDE43 /* ViewController.m in Sources */,
				BE11E4AE1EE7F9F3003CDE43 /* AppDelegate.m in Sources */,
				AAE9246A1F936B0C0017CD64 /* UIView+Catrgory.m in Sources */,
				AAE924771F936B0D0017CD64 /* XSMSBtnTimes.m in Sources */,
				AAE924761F936B0D0017CD64 /* XProgressHUD.m in Sources */,
				BE11E4AB1EE7F9F3003CDE43 /* main.m in Sources */,
				AAE924781F936B0D0017CD64 /* XTabBarController.m in Sources */,
				AAE924691F936B0C0017CD64 /* UINavigationController+Category.m in Sources */,
				AAE924721F936B0C0017CD64 /* XDetailInfoCell.m in Sources */,
				AAE924681F936B0C0017CD64 /* UILabel+Category.m in Sources */,
				AAE9246F1F936B0C0017CD64 /* NetWorking.m in Sources */,
				AAE924731F936B0C0017CD64 /* XLeadPageView.m in Sources */,
				AAE924711F936B0C0017CD64 /* XDataTools.m in Sources */,
				AAE924671F936B0C0017CD64 /* UIButton+Category.m in Sources */,
			);
			runOnlyForDeploymentPostprocessing = 0;
		};
/* End PBXSourcesBuildPhase section */

/* Begin PBXVariantGroup section */
		BE11E4B21EE7F9F3003CDE43 /* Main.storyboard */ = {
			isa = PBXVariantGroup;
			children = (
				BE11E4B31EE7F9F3003CDE43 /* Base */,
			);
			name = Main.storyboard;
			sourceTree = "<group>";
		};
		BE11E4B71EE7F9F3003CDE43 /* LaunchScreen.storyboard */ = {
			isa = PBXVariantGroup;
			children = (
				BE11E4B81EE7F9F3003CDE43 /* Base */,
			);
			name = LaunchScreen.storyboard;
			sourceTree = "<group>";
		};
/* End PBXVariantGroup section */

/* Begin XCBuildConfiguration section */
		BE11E4BB1EE7F9F3003CDE43 /* Debug */ = {
			isa = XCBuildConfiguration;
			buildSettings = {
				ALWAYS_SEARCH_USER_PATHS = NO;
				CLANG_ANALYZER_NONNULL = YES;
				CLANG_CXX_LANGUAGE_STANDARD = "gnu++0x";
				CLANG_CXX_LIBRARY = "libc++";
				CLANG_ENABLE_MODULES = YES;
				CLANG_ENABLE_OBJC_ARC = YES;
				CLANG_WARN_BOOL_CONVERSION = YES;
				CLANG_WARN_CONSTANT_CONVERSION = YES;
				CLANG_WARN_DIRECT_OBJC_ISA_USAGE = YES_ERROR;
				CLANG_WARN_DOCUMENTATION_COMMENTS = YES;
				CLANG_WARN_EMPTY_BODY = YES;
				CLANG_WARN_ENUM_CONVERSION = YES;
				CLANG_WARN_INFINITE_RECURSION = YES;
				CLANG_WARN_INT_CONVERSION = YES;
				CLANG_WARN_OBJC_ROOT_CLASS = YES_ERROR;
				CLANG_WARN_SUSPICIOUS_MOVE = YES;
				CLANG_WARN_UNREACHABLE_CODE = YES;
				CLANG_WARN__DUPLICATE_METHOD_MATCH = YES;
				"CODE_SIGN_IDENTITY[sdk=iphoneos*]" = "iPhone Developer";
				COPY_PHASE_STRIP = NO;
				DEBUG_INFORMATION_FORMAT = dwarf;
				ENABLE_STRICT_OBJC_MSGSEND = YES;
				ENABLE_TESTABILITY = YES;
				GCC_C_LANGUAGE_STANDARD = gnu99;
				GCC_DYNAMIC_NO_PIC = NO;
				GCC_NO_COMMON_BLOCKS = YES;
				GCC_OPTIMIZATION_LEVEL = 0;
				GCC_PREPROCESSOR_DEFINITIONS = (
					"DEBUG=1",
					"$(inherited)",
				);
				GCC_WARN_64_TO_32_BIT_CONVERSION = YES;
				GCC_WARN_ABOUT_RETURN_TYPE = YES_ERROR;
				GCC_WARN_UNDECLARED_SELECTOR = YES;
				GCC_WARN_UNINITIALIZED_AUTOS = YES_AGGRESSIVE;
				GCC_WARN_UNUSED_FUNCTION = YES;
				GCC_WARN_UNUSED_VARIABLE = YES;
				IPHONEOS_DEPLOYMENT_TARGET = 10.2;
				MTL_ENABLE_DEBUG_INFO = YES;
				ONLY_ACTIVE_ARCH = YES;
				SDKROOT = iphoneos;
			};
			name = Debug;
		};
		BE11E4BC1EE7F9F3003CDE43 /* Release */ = {
			isa = XCBuildConfiguration;
			buildSettings = {
				ALWAYS_SEARCH_USER_PATHS = NO;
				CLANG_ANALYZER_NONNULL = YES;
				CLANG_CXX_LANGUAGE_STANDARD = "gnu++0x";
				CLANG_CXX_LIBRARY = "libc++";
				CLANG_ENABLE_MODULES = YES;
				CLANG_ENABLE_OBJC_ARC = YES;
				CLANG_WARN_BOOL_CONVERSION = YES;
				CLANG_WARN_CONSTANT_CONVERSION = YES;
				CLANG_WARN_DIRECT_OBJC_ISA_USAGE = YES_ERROR;
				CLANG_WARN_DOCUMENTATION_COMMENTS = YES;
				CLANG_WARN_EMPTY_BODY = YES;
				CLANG_WARN_ENUM_CONVERSION = YES;
				CLANG_WARN_INFINITE_RECURSION = YES;
				CLANG_WARN_INT_CONVERSION = YES;
				CLANG_WARN_OBJC_ROOT_CLASS = YES_ERROR;
				CLANG_WARN_SUSPICIOUS_MOVE = YES;
				CLANG_WARN_UNREACHABLE_CODE = YES;
				CLANG_WARN__DUPLICATE_METHOD_MATCH = YES;
				"CODE_SIGN_IDENTITY[sdk=iphoneos*]" = "iPhone Developer";
				COPY_PHASE_STRIP = NO;
				DEBUG_INFORMATION_FORMAT = "dwarf-with-dsym";
				ENABLE_NS_ASSERTIONS = NO;
				ENABLE_STRICT_OBJC_MSGSEND = YES;
				GCC_C_LANGUAGE_STANDARD = gnu99;
				GCC_NO_COMMON_BLOCKS = YES;
				GCC_WARN_64_TO_32_BIT_CONVERSION = YES;
				GCC_WARN_ABOUT_RETURN_TYPE = YES_ERROR;
				GCC_WARN_UNDECLARED_SELECTOR = YES;
				GCC_WARN_UNINITIALIZED_AUTOS = YES_AGGRESSIVE;
				GCC_WARN_UNUSED_FUNCTION = YES;
				GCC_WARN_UNUSED_VARIABLE = YES;
				IPHONEOS_DEPLOYMENT_TARGET = 10.2;
				MTL_ENABLE_DEBUG_INFO = NO;
				SDKROOT = iphoneos;
				VALIDATE_PRODUCT = YES;
			};
			name = Release;
		};
		BE11E4BE1EE7F9F3003CDE43 /* Debug */ = {
			isa = XCBuildConfiguration;
			buildSettings = {
				ASSETCATALOG_COMPILER_APPICON_NAME = AppIcon;
				DEVELOPMENT_TEAM = L37SXG465L;
				GCC_PREFIX_HEADER = "$(SRCROOT)/XPXBaseProjectTools/XTools/PrefixHeader.pch";
				INFOPLIST_FILE = XPXBaseProjectTools/Info.plist;
				LD_RUNPATH_SEARCH_PATHS = "$(inherited) @executable_path/Frameworks";
				PRODUCT_BUNDLE_IDENTIFIER = Leo.XPXBaseProjectTools;
				PRODUCT_NAME = "$(TARGET_NAME)";
			};
			name = Debug;
		};
		BE11E4BF1EE7F9F3003CDE43 /* Release */ = {
			isa = XCBuildConfiguration;
			buildSettings = {
				ASSETCATALOG_COMPILER_APPICON_NAME = AppIcon;
				DEVELOPMENT_TEAM = L37SXG465L;
				GCC_PREFIX_HEADER = "$(SRCROOT)/XPXBaseProjectTools/XTools/PrefixHeader.pch";
				INFOPLIST_FILE = XPXBaseProjectTools/Info.plist;
				LD_RUNPATH_SEARCH_PATHS = "$(inherited) @executable_path/Frameworks";
				PRODUCT_BUNDLE_IDENTIFIER = Leo.XPXBaseProjectTools;
				PRODUCT_NAME = "$(TARGET_NAME)";
			};
			name = Release;
		};
/* End XCBuildConfiguration section */

/* Begin XCConfigurationList section */
		BE11E4A11EE7F9F2003CDE43 /* Build configuration list for PBXProject "XPXBaseProjectTools" */ = {
			isa = XCConfigurationList;
			buildConfigurations = (
				BE11E4BB1EE7F9F3003CDE43 /* Debug */,
				BE11E4BC1EE7F9F3003CDE43 /* Release */,
			);
			defaultConfigurationIsVisible = 0;
			defaultConfigurationName = Release;
		};
		BE11E4BD1EE7F9F3003CDE43 /* Build configuration list for PBXNativeTarget "XPXBaseProjectTools" */ = {
			isa = XCConfigurationList;
			buildConfigurations = (
				BE11E4BE1EE7F9F3003CDE43 /* Debug */,
				BE11E4BF1EE7F9F3003CDE43 /* Release */,
			);
			defaultConfigurationIsVisible = 0;
			defaultConfigurationName = Release;
		};
/* End XCConfigurationList section */
	};
	rootObject = BE11E49E1EE7F9F2003CDE43 /* Project object */;
}
